# THIS IS AN AUTOGENERATED FILE. DO NOT EDIT THIS FILE DIRECTLY.
# yarn lockfile v1


"@babel/runtime@7.x":
  version "7.10.2"
  resolved "https://registry.npm.taobao.org/@babel/runtime/download/@babel/runtime-7.10.2.tgz#d103f21f2602497d38348a32e008637d506db839"
  integrity sha1-0QPyHyYCSX04NIoy4AhjfVBtuDk=
  dependencies:
    regenerator-runtime "^0.13.4"

"@vant/icons@1.2.1":
  version "1.2.1"
  resolved "https://registry.npm.taobao.org/@vant/icons/download/@vant/icons-1.2.1.tgz?cache=0&sync_timestamp=1579418989775&other_urls=https%3A%2F%2Fregistry.npm.taobao.org%2F%40vant%2Ficons%2Fdownload%2F%40vant%2Ficons-1.2.1.tgz#309fecb97a4989866f045ce676b545c454701c8f"
  integrity sha1-MJ/suXpJiYZvBFzmdrVFxFRwHI8=

"@vue/babel-helper-vue-jsx-merge-props@^1.0.0":
  version "1.0.0"
  resolved "https://registry.npm.taobao.org/@vue/babel-helper-vue-jsx-merge-props/download/@vue/babel-helper-vue-jsx-merge-props-1.0.0.tgz#048fe579958da408fb7a8b2a3ec050b50a661040"
  integrity sha1-BI/leZWNpAj7eosqPsBQtQpmEEA=

regenerator-runtime@^0.13.4:
  version "0.13.5"
  resolved "https://registry.npm.taobao.org/regenerator-runtime/download/regenerator-runtime-0.13.5.tgz#d878a1d094b4306d10b9096484b33ebd55e26697"
  integrity sha1-2Hih0JS0MG0QuQlkhLM+vVXiZpc=

vant@^2.8.5:
  version "2.8.5"
  resolved "https://registry.npm.taobao.org/vant/download/vant-2.8.5.tgz#6828fadb501cae9dee31de8ca6cb6fe4a526536a"
  integrity sha1-aCj621Acrp3uMd6Mpstv5KUmU2o=
  dependencies:
    "@babel/runtime" "7.x"
    "@vant/icons" "1.2.1"
    "@vue/babel-helper-vue-jsx-merge-props" "^1.0.0"
    vue-lazyload "1.2.3"

vue-lazyload@1.2.3:
  version "1.2.3"
  resolved "https://registry.npm.taobao.org/vue-lazyload/download/vue-lazyload-1.2.3.tgz#901f9ec15c7e6ca78781a2bae4a343686bdedb2c"
  integrity sha1-kB+ewVx+bKeHgaK65KNDaGve2yw=
